
Microsoft Visual Studio Solution File, Format Version 12.00
# Visual Studio Version 16
VisualStudioVersion = 16.0.30011.22
MinimumVisualStudioVersion = 10.0.40219.1
Project("{FAE04EC0-301F-11D3-BF4B-00C04F79EFBC}") = "Assignment5.Web", "Assignment5.Web\Assignment5.Web.csproj", "{7AB09C51-74F3-4E89-9883-88A83EBD67CE}"
EndProject
Global
	GlobalSection(SolutionConfigurationPlatforms) = preSolution
		Debug|Any CPU = Debug|Any CPU
		Release|Any CPU = Release|Any CPU
	EndGlobalSection
	GlobalSection(ProjectConfigurationPlatforms) = postSolution
		{7AB09C51-74F3-4E89-9883-88A83EBD67CE}.Debug|Any CPU.ActiveCfg = Debug|Any CPU
		{7AB09C51-74F3-4E89-9883-88A83EBD67CE}.Debug|Any CPU.Build.0 = Debug|Any CPU
		{7AB09C51-74F3-4E89-9883-88A83EBD67CE}.Release|Any CPU.ActiveCfg = Release|Any CPU
		{7AB09C51-74F3-4E89-9883-88A83EBD67CE}.Release|Any CPU.Build.0 = Release|Any CPU
	EndGlobalSection
	GlobalSection(SolutionProperties) = preSolution
		HideSolutionNode = FALSE
	EndGlobalSection
	GlobalSection(ExtensibilityGlobals) = postSolution
		SolutionGuid = {7F8BD2C6-E8BA-4C03-B787-5E378575914E}
	EndGlobalSection
EndGlobal
